
Microsoft Visual Studio Solution File, Format Version 12.00
# Visual Studio Version 17
VisualStudioVersion = 17.8.34316.72
MinimumVisualStudioVersion = 10.0.40219.1
Project("{FAE04EC0-301F-11D3-BF4B-00C04F79EFBC}") = "DBMigrationWithDBUp", "DBMigrationWithDBUp.csproj", "{69B2CF0D-160C-4A03-B295-59178220914C}"
EndProject
Global
	GlobalSection(SolutionConfigurationPlatforms) = preSolution
		Debug|Any CPU = Debug|Any CPU
		Release|Any CPU = Release|Any CPU
	EndGlobalSection
	GlobalSection(ProjectConfigurationPlatforms) = postSolution
		{69B2CF0D-160C-4A03-B295-59178220914C}.Debug|Any CPU.ActiveCfg = Debug|Any CPU
		{69B2CF0D-160C-4A03-B295-59178220914C}.Debug|Any CPU.Build.0 = Debug|Any CPU
		{69B2CF0D-160C-4A03-B295-59178220914C}.Release|Any CPU.ActiveCfg = Release|Any CPU
		{69B2CF0D-160C-4A03-B295-59178220914C}.Release|Any CPU.Build.0 = Release|Any CPU
	EndGlobalSection
	GlobalSection(SolutionProperties) = preSolution
		HideSolutionNode = FALSE
	EndGlobalSection
	GlobalSection(ExtensibilityGlobals) = postSolution
		SolutionGuid = {35604A4A-9D53-4DCA-A23E-3F6F79AA522C}
	EndGlobalSection
EndGlobal
